<?xml version="1.0" encoding="utf-8"?>
<Project ToolsVersion="4.0" xmlns="http://schemas.microsoft.com/developer/msbuild/2003">
  <ItemGroup>
    <Filter Include="Source Files">
      <UniqueIdentifier>{4FC737F1-C7A5-4376-A066-2A32D752A2FF}</UniqueIdentifier>
      <Extensions>cpp;c;cc;cxx;c++;cppm;ixx;def;odl;idl;hpj;bat;asm;asmx</Extensions>
    </Filter>
    <Filter Include="Header Files">
      <UniqueIdentifier>{93995380-89BD-4b04-88EB-625FBE52EBFB}</UniqueIdentifier>
      <Extensions>h;hh;hpp;hxx;h++;hm;inl;inc;ipp;xsd</Extensions>
    </Filter>
    <Filter Include="Resource Files">
      <UniqueIdentifier>{67DA6AB6-F800-4c08-8B7A-83BB121AAD01}</UniqueIdentifier>
      <Extensions>rc;ico;cur;bmp;dlg;rc2;rct;bin;rgs;gif;jpg;jpeg;jpe;resx;tiff;tif;png;wav;mfcribbon-ms</Extensions>
    </Filter>
    <Filter Include="Source Files\MainWindow">
      <UniqueIdentifier>{fc0b45da-e0e1-4a4e-b90d-a528454140a0}</UniqueIdentifier>
    </Filter>
    <Filter Include="Source Files\ToolBar">
      <UniqueIdentifier>{9d460e44-9db5-45f7-a782-54ac46e7dcfb}</UniqueIdentifier>
    </Filter>
    <Filter Include="MANIFEST">
      <UniqueIdentifier>{8d9b7561-d205-4fb7-9d8e-a2f69fead174}</UniqueIdentifier>
    </Filter>
    <Filter Include="Header Files\Debug">
      <UniqueIdentifier>{dcd34721-1d56-4e5e-84e4-172bf48b6ee4}</UniqueIdentifier>
    </Filter>
    <Filter Include="Source Files\Player">
      <UniqueIdentifier>{59124e29-b0e6-4bc2-b26c-4c0cbf22de2e}</UniqueIdentifier>
    </Filter>
    <Filter Include="Header Files\Player">
      <UniqueIdentifier>{fdc2f500-4773-4611-bf2e-c59d4df74637}</UniqueIdentifier>
    </Filter>
    <Filter Include="Source Files\Playlist">
      <UniqueIdentifier>{e971bb8e-bca8-4757-9472-bc351c6cbaca}</UniqueIdentifier>
    </Filter>
    <Filter Include="Source Files\Controls">
      <UniqueIdentifier>{35b4cb2d-576e-4b39-9d32-df835fe73fdb}</UniqueIdentifier>
    </Filter>
  </ItemGroup>
  <ItemGroup>
    <ClCompile Include="Sources\MainWindow.cpp">
      <Filter>Source Files\MainWindow</Filter>
    </ClCompile>
    <ClCompile Include="Sources\ToolBar\ToolBar.cpp">
      <Filter>Source Files\ToolBar</Filter>
    </ClCompile>
    <ClCompile Include="Sources\Player\Player.cpp">
      <Filter>Source Files\Player</Filter>
    </ClCompile>
    <ClCompile Include="Sources\Playlist\Playlist.cpp">
      <Filter>Source Files\Playlist</Filter>
    </ClCompile>
    <ClCompile Include="Sources\Controls\Controls.cpp">
      <Filter>Source Files\Controls</Filter>
    </ClCompile>
  </ItemGroup>
  <ItemGroup>
    <ClInclude Include="Sources\ToolBar\ToolBar.h">
      <Filter>Header Files</Filter>
    </ClInclude>
    <ClInclude Include="Debug\Debug.h">
      <Filter>Header Files\Debug</Filter>
    </ClInclude>
    <ClInclude Include="Sources\Utils.h">
      <Filter>Header Files</Filter>
    </ClInclude>
    <ClInclude Include="Sources\Player\Player.h">
      <Filter>Header Files\Player</Filter>
    </ClInclude>
    <ClInclude Include="Sources\Playlist\Playlist.h">
      <Filter>Header Files</Filter>
    </ClInclude>
    <ClInclude Include="Sources\Controls\Controls.h">
      <Filter>Header Files</Filter>
    </ClInclude>
    <ClInclude Include="Resources\resources.h">
      <Filter>Resource Files</Filter>
    </ClInclude>
  </ItemGroup>
  <ItemGroup>
    <ResourceCompile Include="Resources\resources.rc">
      <Filter>Resource Files</Filter>
    </ResourceCompile>
  </ItemGroup>
  <ItemGroup>
    <Manifest Include="MANIFEST\style.manifest">
      <Filter>MANIFEST</Filter>
    </Manifest>
  </ItemGroup>
</Project>